
Microsoft Visual Studio Solution File, Format Version 12.00
# Visual Studio 14
VisualStudioVersion = 14.0.23107.0
MinimumVisualStudioVersion = 10.0.40219.1
Project("{FAE04EC0-301F-11D3-BF4B-00C04F79EFBC}") = "01. Work Hours", "01. Work Hours\01. Work Hours.csproj", "{A09B8E14-0371-4A30-8041-4E24E4892D9B}"
EndProject
Project("{FAE04EC0-301F-11D3-BF4B-00C04F79EFBC}") = "02.Sum of Elements", "02.Sum of Elements\02.Sum of Elements.csproj", "{5F37F287-7C83-49BB-ACE8-5CDC205133F8}"
EndProject
Project("{FAE04EC0-301F-11D3-BF4B-00C04F79EFBC}") = "03.The Explorer", "03.The Explorer\03.The Explorer.csproj", "{06516A36-698D-48EF-B53D-3854D56FC24C}"
EndProject
Global
	GlobalSection(SolutionConfigurationPlatforms) = preSolution
		Debug|Any CPU = Debug|Any CPU
		Release|Any CPU = Release|Any CPU
	EndGlobalSection
	GlobalSection(ProjectConfigurationPlatforms) = postSolution
		{A09B8E14-0371-4A30-8041-4E24E4892D9B}.Debug|Any CPU.ActiveCfg = Debug|Any CPU
		{A09B8E14-0371-4A30-8041-4E24E4892D9B}.Debug|Any CPU.Build.0 = Debug|Any CPU
		{A09B8E14-0371-4A30-8041-4E24E4892D9B}.Release|Any CPU.ActiveCfg = Release|Any CPU
		{A09B8E14-0371-4A30-8041-4E24E4892D9B}.Release|Any CPU.Build.0 = Release|Any CPU
		{5F37F287-7C83-49BB-ACE8-5CDC205133F8}.Debug|Any CPU.ActiveCfg = Debug|Any CPU
		{5F37F287-7C83-49BB-ACE8-5CDC205133F8}.Debug|Any CPU.Build.0 = Debug|Any CPU
		{5F37F287-7C83-49BB-ACE8-5CDC205133F8}.Release|Any CPU.ActiveCfg = Release|Any CPU
		{5F37F287-7C83-49BB-ACE8-5CDC205133F8}.Release|Any CPU.Build.0 = Release|Any CPU
		{06516A36-698D-48EF-B53D-3854D56FC24C}.Debug|Any CPU.ActiveCfg = Debug|Any CPU
		{06516A36-698D-48EF-B53D-3854D56FC24C}.Debug|Any CPU.Build.0 = Debug|Any CPU
		{06516A36-698D-48EF-B53D-3854D56FC24C}.Release|Any CPU.ActiveCfg = Release|Any CPU
		{06516A36-698D-48EF-B53D-3854D56FC24C}.Release|Any CPU.Build.0 = Release|Any CPU
	EndGlobalSection
	GlobalSection(SolutionProperties) = preSolution
		HideSolutionNode = FALSE
	EndGlobalSection
EndGlobal
