
Microsoft Visual Studio Solution File, Format Version 12.00
# Visual Studio 14
VisualStudioVersion = 14.0.23107.0
MinimumVisualStudioVersion = 10.0.40219.1
Project("{FAE04EC0-301F-11D3-BF4B-00C04F79EFBC}") = "01. Fit Box in Box", "01. Fit Box in Box\01. Fit Box in Box.csproj", "{DB2BCFDE-3544-4A7A-91CE-D1A15E1AF64D}"
EndProject
Global
	GlobalSection(SolutionConfigurationPlatforms) = preSolution
		Debug|Any CPU = Debug|Any CPU
		Release|Any CPU = Release|Any CPU
	EndGlobalSection
	GlobalSection(ProjectConfigurationPlatforms) = postSolution
		{DB2BCFDE-3544-4A7A-91CE-D1A15E1AF64D}.Debug|Any CPU.ActiveCfg = Debug|Any CPU
		{DB2BCFDE-3544-4A7A-91CE-D1A15E1AF64D}.Debug|Any CPU.Build.0 = Debug|Any CPU
		{DB2BCFDE-3544-4A7A-91CE-D1A15E1AF64D}.Release|Any CPU.ActiveCfg = Release|Any CPU
		{DB2BCFDE-3544-4A7A-91CE-D1A15E1AF64D}.Release|Any CPU.Build.0 = Release|Any CPU
	EndGlobalSection
	GlobalSection(SolutionProperties) = preSolution
		HideSolutionNode = FALSE
	EndGlobalSection
EndGlobal
