
Microsoft Visual Studio Solution File, Format Version 12.00
# Visual Studio 14
VisualStudioVersion = 14.0.23107.0
MinimumVisualStudioVersion = 10.0.40219.1
Project("{FAE04EC0-301F-11D3-BF4B-00C04F79EFBC}") = "Problem 01. Declare Variabless", "Problem 1. Declare Variabless\Problem 01. Declare Variabless.csproj", "{1C1C8CB9-43A8-4F42-8219-30C06D4D506A}"
EndProject
Project("{FAE04EC0-301F-11D3-BF4B-00C04F79EFBC}") = "Problem 02. Float or Double", "Problem02. Float or Double\Problem 02. Float or Double.csproj", "{DAE56B9F-3111-43CB-BECD-3236705C66B5}"
EndProject
Project("{FAE04EC0-301F-11D3-BF4B-00C04F79EFBC}") = "Problem 03. Variable in Hexadecimal Format", "Problem 3. Variable in Hexadecimal Format\Problem 03. Variable in Hexadecimal Format.csproj", "{8DB0476C-305F-4E57-98F7-D4F73606E28F}"
EndProject
Project("{FAE04EC0-301F-11D3-BF4B-00C04F79EFBC}") = "Problem 04. Unicode Character", "Problem 4. Unicode Character\Problem 04. Unicode Character.csproj", "{AB499403-418A-42A7-9F4E-147C51E0BBE2}"
EndProject
Project("{FAE04EC0-301F-11D3-BF4B-00C04F79EFBC}") = "Problem 05. Boolean Variable", "Problem05. Boolean Variable\Problem 05. Boolean Variable.csproj", "{C0C61E80-D7D5-43CA-9548-D201E3533775}"
EndProject
Project("{FAE04EC0-301F-11D3-BF4B-00C04F79EFBC}") = "Problem 07. Quotes in Strings", "Problem06 Strings and Objects\Problem 07. Quotes in Strings.csproj", "{A99D4B1D-2766-4C66-A808-83F94272F3EE}"
EndProject
Project("{FAE04EC0-301F-11D3-BF4B-00C04F79EFBC}") = "Problem 08 Isosceles Triangle", "Problem 08 Isosceles Triangle\Problem 08 Isosceles Triangle.csproj", "{66B0D125-E0F5-4737-8D94-5D3DEB1F6C19}"
EndProject
Project("{FAE04EC0-301F-11D3-BF4B-00C04F79EFBC}") = "Problem 09. Exchange Variables", "Problem 09. Exchange Variables\Problem 09. Exchange Variables.csproj", "{221FC67D-DE4D-4B2D-892F-54D838FA8C05}"
EndProject
Project("{FAE04EC0-301F-11D3-BF4B-00C04F79EFBC}") = "Problem 10. Employee Data", "Problem 10. Employee Data\Problem 10. Employee Data.csproj", "{45306888-B578-48F3-8413-E62C4BF839E5}"
EndProject
Project("{FAE04EC0-301F-11D3-BF4B-00C04F79EFBC}") = "Problem 11. Bank Account Data", "Problem 11. Bank Account Data\Problem 11. Bank Account Data.csproj", "{CD54791B-D90F-45C2-84EE-B4D6252E52F9}"
EndProject
Project("{FAE04EC0-301F-11D3-BF4B-00C04F79EFBC}") = "Problem 12. Null Values Arithmetic", "Problem 12. Null Values Arithmetic\Problem 12. Null Values Arithmetic.csproj", "{01D9BCFD-4B6C-421E-94A2-CBA673ED3005}"
EndProject
Project("{FAE04EC0-301F-11D3-BF4B-00C04F79EFBC}") = "Problem 14 ASCII Table", "Problem 14 ASCII Table\Problem 14 ASCII Table.csproj", "{AD58FF37-2F12-4EAF-9FA4-C4AA6B15243D}"
EndProject
Project("{FAE04EC0-301F-11D3-BF4B-00C04F79EFBC}") = "Problem 15. Torent Pirate", "Problem 15. Torent Pirate\Problem 15. Torent Pirate.csproj", "{D19CFB92-8004-467C-B46A-71AE9F80433A}"
EndProject
Global
	GlobalSection(SolutionConfigurationPlatforms) = preSolution
		Debug|Any CPU = Debug|Any CPU
		Release|Any CPU = Release|Any CPU
	EndGlobalSection
	GlobalSection(ProjectConfigurationPlatforms) = postSolution
		{1C1C8CB9-43A8-4F42-8219-30C06D4D506A}.Debug|Any CPU.ActiveCfg = Debug|Any CPU
		{1C1C8CB9-43A8-4F42-8219-30C06D4D506A}.Debug|Any CPU.Build.0 = Debug|Any CPU
		{1C1C8CB9-43A8-4F42-8219-30C06D4D506A}.Release|Any CPU.ActiveCfg = Release|Any CPU
		{1C1C8CB9-43A8-4F42-8219-30C06D4D506A}.Release|Any CPU.Build.0 = Release|Any CPU
		{DAE56B9F-3111-43CB-BECD-3236705C66B5}.Debug|Any CPU.ActiveCfg = Debug|Any CPU
		{DAE56B9F-3111-43CB-BECD-3236705C66B5}.Debug|Any CPU.Build.0 = Debug|Any CPU
		{DAE56B9F-3111-43CB-BECD-3236705C66B5}.Release|Any CPU.ActiveCfg = Release|Any CPU
		{DAE56B9F-3111-43CB-BECD-3236705C66B5}.Release|Any CPU.Build.0 = Release|Any CPU
		{8DB0476C-305F-4E57-98F7-D4F73606E28F}.Debug|Any CPU.ActiveCfg = Debug|Any CPU
		{8DB0476C-305F-4E57-98F7-D4F73606E28F}.Debug|Any CPU.Build.0 = Debug|Any CPU
		{8DB0476C-305F-4E57-98F7-D4F73606E28F}.Release|Any CPU.ActiveCfg = Release|Any CPU
		{8DB0476C-305F-4E57-98F7-D4F73606E28F}.Release|Any CPU.Build.0 = Release|Any CPU
		{AB499403-418A-42A7-9F4E-147C51E0BBE2}.Debug|Any CPU.ActiveCfg = Debug|Any CPU
		{AB499403-418A-42A7-9F4E-147C51E0BBE2}.Debug|Any CPU.Build.0 = Debug|Any CPU
		{AB499403-418A-42A7-9F4E-147C51E0BBE2}.Release|Any CPU.ActiveCfg = Release|Any CPU
		{AB499403-418A-42A7-9F4E-147C51E0BBE2}.Release|Any CPU.Build.0 = Release|Any CPU
		{C0C61E80-D7D5-43CA-9548-D201E3533775}.Debug|Any CPU.ActiveCfg = Debug|Any CPU
		{C0C61E80-D7D5-43CA-9548-D201E3533775}.Debug|Any CPU.Build.0 = Debug|Any CPU
		{C0C61E80-D7D5-43CA-9548-D201E3533775}.Release|Any CPU.ActiveCfg = Release|Any CPU
		{C0C61E80-D7D5-43CA-9548-D201E3533775}.Release|Any CPU.Build.0 = Release|Any CPU
		{A99D4B1D-2766-4C66-A808-83F94272F3EE}.Debug|Any CPU.ActiveCfg = Debug|Any CPU
		{A99D4B1D-2766-4C66-A808-83F94272F3EE}.Debug|Any CPU.Build.0 = Debug|Any CPU
		{A99D4B1D-2766-4C66-A808-83F94272F3EE}.Release|Any CPU.ActiveCfg = Release|Any CPU
		{A99D4B1D-2766-4C66-A808-83F94272F3EE}.Release|Any CPU.Build.0 = Release|Any CPU
		{66B0D125-E0F5-4737-8D94-5D3DEB1F6C19}.Debug|Any CPU.ActiveCfg = Debug|Any CPU
		{66B0D125-E0F5-4737-8D94-5D3DEB1F6C19}.Debug|Any CPU.Build.0 = Debug|Any CPU
		{66B0D125-E0F5-4737-8D94-5D3DEB1F6C19}.Release|Any CPU.ActiveCfg = Release|Any CPU
		{66B0D125-E0F5-4737-8D94-5D3DEB1F6C19}.Release|Any CPU.Build.0 = Release|Any CPU
		{221FC67D-DE4D-4B2D-892F-54D838FA8C05}.Debug|Any CPU.ActiveCfg = Debug|Any CPU
		{221FC67D-DE4D-4B2D-892F-54D838FA8C05}.Debug|Any CPU.Build.0 = Debug|Any CPU
		{221FC67D-DE4D-4B2D-892F-54D838FA8C05}.Release|Any CPU.ActiveCfg = Release|Any CPU
		{221FC67D-DE4D-4B2D-892F-54D838FA8C05}.Release|Any CPU.Build.0 = Release|Any CPU
		{45306888-B578-48F3-8413-E62C4BF839E5}.Debug|Any CPU.ActiveCfg = Debug|Any CPU
		{45306888-B578-48F3-8413-E62C4BF839E5}.Debug|Any CPU.Build.0 = Debug|Any CPU
		{45306888-B578-48F3-8413-E62C4BF839E5}.Release|Any CPU.ActiveCfg = Release|Any CPU
		{45306888-B578-48F3-8413-E62C4BF839E5}.Release|Any CPU.Build.0 = Release|Any CPU
		{CD54791B-D90F-45C2-84EE-B4D6252E52F9}.Debug|Any CPU.ActiveCfg = Debug|Any CPU
		{CD54791B-D90F-45C2-84EE-B4D6252E52F9}.Debug|Any CPU.Build.0 = Debug|Any CPU
		{CD54791B-D90F-45C2-84EE-B4D6252E52F9}.Release|Any CPU.ActiveCfg = Release|Any CPU
		{CD54791B-D90F-45C2-84EE-B4D6252E52F9}.Release|Any CPU.Build.0 = Release|Any CPU
		{01D9BCFD-4B6C-421E-94A2-CBA673ED3005}.Debug|Any CPU.ActiveCfg = Debug|Any CPU
		{01D9BCFD-4B6C-421E-94A2-CBA673ED3005}.Debug|Any CPU.Build.0 = Debug|Any CPU
		{01D9BCFD-4B6C-421E-94A2-CBA673ED3005}.Release|Any CPU.ActiveCfg = Release|Any CPU
		{01D9BCFD-4B6C-421E-94A2-CBA673ED3005}.Release|Any CPU.Build.0 = Release|Any CPU
		{AD58FF37-2F12-4EAF-9FA4-C4AA6B15243D}.Debug|Any CPU.ActiveCfg = Debug|Any CPU
		{AD58FF37-2F12-4EAF-9FA4-C4AA6B15243D}.Debug|Any CPU.Build.0 = Debug|Any CPU
		{AD58FF37-2F12-4EAF-9FA4-C4AA6B15243D}.Release|Any CPU.ActiveCfg = Release|Any CPU
		{AD58FF37-2F12-4EAF-9FA4-C4AA6B15243D}.Release|Any CPU.Build.0 = Release|Any CPU
		{D19CFB92-8004-467C-B46A-71AE9F80433A}.Debug|Any CPU.ActiveCfg = Debug|Any CPU
		{D19CFB92-8004-467C-B46A-71AE9F80433A}.Debug|Any CPU.Build.0 = Debug|Any CPU
		{D19CFB92-8004-467C-B46A-71AE9F80433A}.Release|Any CPU.ActiveCfg = Release|Any CPU
		{D19CFB92-8004-467C-B46A-71AE9F80433A}.Release|Any CPU.Build.0 = Release|Any CPU
	EndGlobalSection
	GlobalSection(SolutionProperties) = preSolution
		HideSolutionNode = FALSE
	EndGlobalSection
EndGlobal
