
Microsoft Visual Studio Solution File, Format Version 12.00
# Visual Studio 14
VisualStudioVersion = 14.0.25123.0
MinimumVisualStudioVersion = 10.0.40219.1
Project("{FAE04EC0-301F-11D3-BF4B-00C04F79EFBC}") = "01StudentsByGroup", "01StudentsByGroup\01StudentsByGroup.csproj", "{2C37910B-477A-4F3C-A8DE-30A07D3786DD}"
EndProject
Project("{FAE04EC0-301F-11D3-BF4B-00C04F79EFBC}") = "Problem 2. Students by First and Last Name", "Problem 2. Students by First and Last Name\Problem 2. Students by First and Last Name.csproj", "{35410EA2-8979-4D20-956C-C2205E5B5308}"
EndProject
Project("{FAE04EC0-301F-11D3-BF4B-00C04F79EFBC}") = "Problem 3. Students by Age", "Problem 3. Students by Age\Problem 3. Students by Age.csproj", "{4F15634B-E404-4E55-BF39-044E4D42331C}"
EndProject
Project("{FAE04EC0-301F-11D3-BF4B-00C04F79EFBC}") = "Problem 4. Sort Students", "Problem 4. Sort Students\Problem 4. Sort Students.csproj", "{DCB80D04-1223-4CD0-A1ED-3B983356725C}"
EndProject
Project("{FAE04EC0-301F-11D3-BF4B-00C04F79EFBC}") = "Problem 5. Filter Students by Email Domain", "Problem 5. Filter Students by Email Domain\Problem 5. Filter Students by Email Domain.csproj", "{431C82FC-EFA5-4AC3-A472-6F780A2FBF99}"
EndProject
Project("{FAE04EC0-301F-11D3-BF4B-00C04F79EFBC}") = "Problem 6. Filter Students by Phone", "Problem 6. Filter Students by Phone\Problem 6. Filter Students by Phone.csproj", "{7FF8BB37-D1AA-4D58-B29D-A7917BE0F076}"
EndProject
Project("{FAE04EC0-301F-11D3-BF4B-00C04F79EFBC}") = "Problem 7. Excellent Students", "Problem 7. Excellent Students\Problem 7. Excellent Students.csproj", "{F2C00E41-78DB-4AD8-859B-806682AD5974}"
EndProject
Project("{FAE04EC0-301F-11D3-BF4B-00C04F79EFBC}") = "Problem 9. Students Enrolled in 2014 or 2015", "Problem 9. Students Enrolled in 2014 or 2015\Problem 9. Students Enrolled in 2014 or 2015.csproj", "{4D1298B2-7EA8-497F-83BB-1FAAFEBF948F}"
EndProject
Project("{FAE04EC0-301F-11D3-BF4B-00C04F79EFBC}") = "Problem 8. Weak Students", "Problem 8. Weak Students\Problem 8. Weak Students.csproj", "{C103AFEA-9864-448E-8A14-2BF0B9577E43}"
EndProject
Global
	GlobalSection(SolutionConfigurationPlatforms) = preSolution
		Debug|Any CPU = Debug|Any CPU
		Release|Any CPU = Release|Any CPU
	EndGlobalSection
	GlobalSection(ProjectConfigurationPlatforms) = postSolution
		{2C37910B-477A-4F3C-A8DE-30A07D3786DD}.Debug|Any CPU.ActiveCfg = Debug|Any CPU
		{2C37910B-477A-4F3C-A8DE-30A07D3786DD}.Debug|Any CPU.Build.0 = Debug|Any CPU
		{2C37910B-477A-4F3C-A8DE-30A07D3786DD}.Release|Any CPU.ActiveCfg = Release|Any CPU
		{2C37910B-477A-4F3C-A8DE-30A07D3786DD}.Release|Any CPU.Build.0 = Release|Any CPU
		{35410EA2-8979-4D20-956C-C2205E5B5308}.Debug|Any CPU.ActiveCfg = Debug|Any CPU
		{35410EA2-8979-4D20-956C-C2205E5B5308}.Debug|Any CPU.Build.0 = Debug|Any CPU
		{35410EA2-8979-4D20-956C-C2205E5B5308}.Release|Any CPU.ActiveCfg = Release|Any CPU
		{35410EA2-8979-4D20-956C-C2205E5B5308}.Release|Any CPU.Build.0 = Release|Any CPU
		{4F15634B-E404-4E55-BF39-044E4D42331C}.Debug|Any CPU.ActiveCfg = Debug|Any CPU
		{4F15634B-E404-4E55-BF39-044E4D42331C}.Debug|Any CPU.Build.0 = Debug|Any CPU
		{4F15634B-E404-4E55-BF39-044E4D42331C}.Release|Any CPU.ActiveCfg = Release|Any CPU
		{4F15634B-E404-4E55-BF39-044E4D42331C}.Release|Any CPU.Build.0 = Release|Any CPU
		{DCB80D04-1223-4CD0-A1ED-3B983356725C}.Debug|Any CPU.ActiveCfg = Debug|Any CPU
		{DCB80D04-1223-4CD0-A1ED-3B983356725C}.Debug|Any CPU.Build.0 = Debug|Any CPU
		{DCB80D04-1223-4CD0-A1ED-3B983356725C}.Release|Any CPU.ActiveCfg = Release|Any CPU
		{DCB80D04-1223-4CD0-A1ED-3B983356725C}.Release|Any CPU.Build.0 = Release|Any CPU
		{431C82FC-EFA5-4AC3-A472-6F780A2FBF99}.Debug|Any CPU.ActiveCfg = Debug|Any CPU
		{431C82FC-EFA5-4AC3-A472-6F780A2FBF99}.Debug|Any CPU.Build.0 = Debug|Any CPU
		{431C82FC-EFA5-4AC3-A472-6F780A2FBF99}.Release|Any CPU.ActiveCfg = Release|Any CPU
		{431C82FC-EFA5-4AC3-A472-6F780A2FBF99}.Release|Any CPU.Build.0 = Release|Any CPU
		{7FF8BB37-D1AA-4D58-B29D-A7917BE0F076}.Debug|Any CPU.ActiveCfg = Debug|Any CPU
		{7FF8BB37-D1AA-4D58-B29D-A7917BE0F076}.Debug|Any CPU.Build.0 = Debug|Any CPU
		{7FF8BB37-D1AA-4D58-B29D-A7917BE0F076}.Release|Any CPU.ActiveCfg = Release|Any CPU
		{7FF8BB37-D1AA-4D58-B29D-A7917BE0F076}.Release|Any CPU.Build.0 = Release|Any CPU
		{F2C00E41-78DB-4AD8-859B-806682AD5974}.Debug|Any CPU.ActiveCfg = Debug|Any CPU
		{F2C00E41-78DB-4AD8-859B-806682AD5974}.Debug|Any CPU.Build.0 = Debug|Any CPU
		{F2C00E41-78DB-4AD8-859B-806682AD5974}.Release|Any CPU.ActiveCfg = Release|Any CPU
		{F2C00E41-78DB-4AD8-859B-806682AD5974}.Release|Any CPU.Build.0 = Release|Any CPU
		{4D1298B2-7EA8-497F-83BB-1FAAFEBF948F}.Debug|Any CPU.ActiveCfg = Debug|Any CPU
		{4D1298B2-7EA8-497F-83BB-1FAAFEBF948F}.Debug|Any CPU.Build.0 = Debug|Any CPU
		{4D1298B2-7EA8-497F-83BB-1FAAFEBF948F}.Release|Any CPU.ActiveCfg = Release|Any CPU
		{4D1298B2-7EA8-497F-83BB-1FAAFEBF948F}.Release|Any CPU.Build.0 = Release|Any CPU
		{C103AFEA-9864-448E-8A14-2BF0B9577E43}.Debug|Any CPU.ActiveCfg = Debug|Any CPU
		{C103AFEA-9864-448E-8A14-2BF0B9577E43}.Debug|Any CPU.Build.0 = Debug|Any CPU
		{C103AFEA-9864-448E-8A14-2BF0B9577E43}.Release|Any CPU.ActiveCfg = Release|Any CPU
		{C103AFEA-9864-448E-8A14-2BF0B9577E43}.Release|Any CPU.Build.0 = Release|Any CPU
	EndGlobalSection
	GlobalSection(SolutionProperties) = preSolution
		HideSolutionNode = FALSE
	EndGlobalSection
EndGlobal
