
Microsoft Visual Studio Solution File, Format Version 12.00
# Visual Studio 2013
VisualStudioVersion = 12.0.31101.0
MinimumVisualStudioVersion = 10.0.40219.1
Project("{FAE04EC0-301F-11D3-BF4B-00C04F79EFBC}") = "Current Time and Date", "Current Time and Date.csproj", "{68EEC320-6639-4415-828A-A80867F9E4FA}"
EndProject
Global
	GlobalSection(SolutionConfigurationPlatforms) = preSolution
		Debug|Any CPU = Debug|Any CPU
		Release|Any CPU = Release|Any CPU
	EndGlobalSection
	GlobalSection(ProjectConfigurationPlatforms) = postSolution
		{68EEC320-6639-4415-828A-A80867F9E4FA}.Debug|Any CPU.ActiveCfg = Debug|Any CPU
		{68EEC320-6639-4415-828A-A80867F9E4FA}.Debug|Any CPU.Build.0 = Debug|Any CPU
		{68EEC320-6639-4415-828A-A80867F9E4FA}.Release|Any CPU.ActiveCfg = Release|Any CPU
		{68EEC320-6639-4415-828A-A80867F9E4FA}.Release|Any CPU.Build.0 = Release|Any CPU
	EndGlobalSection
	GlobalSection(SolutionProperties) = preSolution
		HideSolutionNode = FALSE
	EndGlobalSection
EndGlobal
