
Microsoft Visual Studio Solution File, Format Version 12.00
# Visual Studio 14
VisualStudioVersion = 14.0.25123.0
MinimumVisualStudioVersion = 10.0.40219.1
Project("{FAE04EC0-301F-11D3-BF4B-00C04F79EFBC}") = "0.2BasicStackOperations", "BasicStackOperations\0.2BasicStackOperations.csproj", "{C0D2BA52-8B79-44AE-B5B3-1A73EFD7C367}"
EndProject
Project("{FAE04EC0-301F-11D3-BF4B-00C04F79EFBC}") = "04.BasicQueueOperations", "04.BasicQueueOperations\04.BasicQueueOperations.csproj", "{9BA7A876-77DD-4412-AA2F-33DCEE6583B5}"
EndProject
Project("{FAE04EC0-301F-11D3-BF4B-00C04F79EFBC}") = "05.Calculate Sequence with Queue", "05.Calculate Sequence with Queue\05.Calculate Sequence with Queue.csproj", "{8CDEC6B6-4E56-4C44-959B-0F9615AFAA7E}"
EndProject
Project("{FAE04EC0-301F-11D3-BF4B-00C04F79EFBC}") = "06.Truck Tour", "06.Truck Tour\06.Truck Tour.csproj", "{75198A0D-FF48-4987-B694-0014A9CCBD70}"
EndProject
Project("{FAE04EC0-301F-11D3-BF4B-00C04F79EFBC}") = "07.Balanced Parentheses", "07.Balanced Parentheses\07.Balanced Parentheses.csproj", "{C2E2DA50-BD13-4F82-8D1E-F1CE301A87BA}"
EndProject
Global
	GlobalSection(SolutionConfigurationPlatforms) = preSolution
		Debug|Any CPU = Debug|Any CPU
		Release|Any CPU = Release|Any CPU
	EndGlobalSection
	GlobalSection(ProjectConfigurationPlatforms) = postSolution
		{C0D2BA52-8B79-44AE-B5B3-1A73EFD7C367}.Debug|Any CPU.ActiveCfg = Debug|Any CPU
		{C0D2BA52-8B79-44AE-B5B3-1A73EFD7C367}.Debug|Any CPU.Build.0 = Debug|Any CPU
		{C0D2BA52-8B79-44AE-B5B3-1A73EFD7C367}.Release|Any CPU.ActiveCfg = Release|Any CPU
		{C0D2BA52-8B79-44AE-B5B3-1A73EFD7C367}.Release|Any CPU.Build.0 = Release|Any CPU
		{9BA7A876-77DD-4412-AA2F-33DCEE6583B5}.Debug|Any CPU.ActiveCfg = Debug|Any CPU
		{9BA7A876-77DD-4412-AA2F-33DCEE6583B5}.Debug|Any CPU.Build.0 = Debug|Any CPU
		{9BA7A876-77DD-4412-AA2F-33DCEE6583B5}.Release|Any CPU.ActiveCfg = Release|Any CPU
		{9BA7A876-77DD-4412-AA2F-33DCEE6583B5}.Release|Any CPU.Build.0 = Release|Any CPU
		{8CDEC6B6-4E56-4C44-959B-0F9615AFAA7E}.Debug|Any CPU.ActiveCfg = Debug|Any CPU
		{8CDEC6B6-4E56-4C44-959B-0F9615AFAA7E}.Debug|Any CPU.Build.0 = Debug|Any CPU
		{8CDEC6B6-4E56-4C44-959B-0F9615AFAA7E}.Release|Any CPU.ActiveCfg = Release|Any CPU
		{8CDEC6B6-4E56-4C44-959B-0F9615AFAA7E}.Release|Any CPU.Build.0 = Release|Any CPU
		{75198A0D-FF48-4987-B694-0014A9CCBD70}.Debug|Any CPU.ActiveCfg = Debug|Any CPU
		{75198A0D-FF48-4987-B694-0014A9CCBD70}.Debug|Any CPU.Build.0 = Debug|Any CPU
		{75198A0D-FF48-4987-B694-0014A9CCBD70}.Release|Any CPU.ActiveCfg = Release|Any CPU
		{75198A0D-FF48-4987-B694-0014A9CCBD70}.Release|Any CPU.Build.0 = Release|Any CPU
		{C2E2DA50-BD13-4F82-8D1E-F1CE301A87BA}.Debug|Any CPU.ActiveCfg = Debug|Any CPU
		{C2E2DA50-BD13-4F82-8D1E-F1CE301A87BA}.Debug|Any CPU.Build.0 = Debug|Any CPU
		{C2E2DA50-BD13-4F82-8D1E-F1CE301A87BA}.Release|Any CPU.ActiveCfg = Release|Any CPU
		{C2E2DA50-BD13-4F82-8D1E-F1CE301A87BA}.Release|Any CPU.Build.0 = Release|Any CPU
	EndGlobalSection
	GlobalSection(SolutionProperties) = preSolution
		HideSolutionNode = FALSE
	EndGlobalSection
EndGlobal
